
Microsoft Visual Studio Solution File, Format Version 12.00
# Visual Studio Version 17
VisualStudioVersion = 17.10.34928.147
MinimumVisualStudioVersion = 10.0.40219.1
Project("{FAE04EC0-301F-11D3-BF4B-00C04F79EFBC}") = "ShoppingOnline", "ShoppingOnline\ShoppingOnline.csproj", "{DF8E84E0-CBB6-4CBF-BC11-C34EAFE7A2B4}"
EndProject
Global
	GlobalSection(SolutionConfigurationPlatforms) = preSolution
		Debug|Any CPU = Debug|Any CPU
		Release|Any CPU = Release|Any CPU
	EndGlobalSection
	GlobalSection(ProjectConfigurationPlatforms) = postSolution
		{DF8E84E0-CBB6-4CBF-BC11-C34EAFE7A2B4}.Debug|Any CPU.ActiveCfg = Debug|Any CPU
		{DF8E84E0-CBB6-4CBF-BC11-C34EAFE7A2B4}.Debug|Any CPU.Build.0 = Debug|Any CPU
		{DF8E84E0-CBB6-4CBF-BC11-C34EAFE7A2B4}.Release|Any CPU.ActiveCfg = Release|Any CPU
		{DF8E84E0-CBB6-4CBF-BC11-C34EAFE7A2B4}.Release|Any CPU.Build.0 = Release|Any CPU
	EndGlobalSection
	GlobalSection(SolutionProperties) = preSolution
		HideSolutionNode = FALSE
	EndGlobalSection
	GlobalSection(ExtensibilityGlobals) = postSolution
		SolutionGuid = {6DE63C69-10B3-4EC9-8737-A3EBF7230751}
	EndGlobalSection
EndGlobal
